
Microsoft Visual Studio Solution File, Format Version 12.00
# Visual Studio 15
VisualStudioVersion = 15.0.28307.1401
MinimumVisualStudioVersion = 10.0.40219.1
Project("{FAE04EC0-301F-11D3-BF4B-00C04F79EFBC}") = "App1.Android", "App1\App1.Android\App1.Android.csproj", "{C9A2D6CD-F8EB-4816-BC5B-60765F0372DE}"
EndProject
Project("{FAE04EC0-301F-11D3-BF4B-00C04F79EFBC}") = "App1.iOS", "App1\App1.iOS\App1.iOS.csproj", "{B16D67BF-00DA-4240-B980-044422188C4E}"
EndProject
Project("{FAE04EC0-301F-11D3-BF4B-00C04F79EFBC}") = "App1", "App1\App1\App1.csproj", "{6CA45658-ACFF-4E74-AA73-2620B1F9DD0B}"
EndProject
Global
	GlobalSection(SolutionConfigurationPlatforms) = preSolution
		Ad-Hoc|Any CPU = Ad-Hoc|Any CPU
		Ad-Hoc|iPhone = Ad-Hoc|iPhone
		Ad-Hoc|iPhoneSimulator = Ad-Hoc|iPhoneSimulator
		AppStore|Any CPU = AppStore|Any CPU
		AppStore|iPhone = AppStore|iPhone
		AppStore|iPhoneSimulator = AppStore|iPhoneSimulator
		Debug|Any CPU = Debug|Any CPU
		Debug|iPhone = Debug|iPhone
		Debug|iPhoneSimulator = Debug|iPhoneSimulator
		Release|Any CPU = Release|Any CPU
		Release|iPhone = Release|iPhone
		Release|iPhoneSimulator = Release|iPhoneSimulator
	EndGlobalSection
	GlobalSection(ProjectConfigurationPlatforms) = postSolution
		{C9A2D6CD-F8EB-4816-BC5B-60765F0372DE}.Ad-Hoc|Any CPU.ActiveCfg = Release|Any CPU
		{C9A2D6CD-F8EB-4816-BC5B-60765F0372DE}.Ad-Hoc|Any CPU.Build.0 = Release|Any CPU
		{C9A2D6CD-F8EB-4816-BC5B-60765F0372DE}.Ad-Hoc|Any CPU.Deploy.0 = Release|Any CPU
		{C9A2D6CD-F8EB-4816-BC5B-60765F0372DE}.Ad-Hoc|iPhone.ActiveCfg = Release|Any CPU
		{C9A2D6CD-F8EB-4816-BC5B-60765F0372DE}.Ad-Hoc|iPhone.Build.0 = Release|Any CPU
		{C9A2D6CD-F8EB-4816-BC5B-60765F0372DE}.Ad-Hoc|iPhone.Deploy.0 = Release|Any CPU
		{C9A2D6CD-F8EB-4816-BC5B-60765F0372DE}.Ad-Hoc|iPhoneSimulator.ActiveCfg = Release|Any CPU
		{C9A2D6CD-F8EB-4816-BC5B-60765F0372DE}.Ad-Hoc|iPhoneSimulator.Build.0 = Release|Any CPU
		{C9A2D6CD-F8EB-4816-BC5B-60765F0372DE}.Ad-Hoc|iPhoneSimulator.Deploy.0 = Release|Any CPU
		{C9A2D6CD-F8EB-4816-BC5B-60765F0372DE}.AppStore|Any CPU.ActiveCfg = Release|Any CPU
		{C9A2D6CD-F8EB-4816-BC5B-60765F0372DE}.AppStore|Any CPU.Build.0 = Release|Any CPU
		{C9A2D6CD-F8EB-4816-BC5B-60765F0372DE}.AppStore|Any CPU.Deploy.0 = Release|Any CPU
		{C9A2D6CD-F8EB-4816-BC5B-60765F0372DE}.AppStore|iPhone.ActiveCfg = Release|Any CPU
		{C9A2D6CD-F8EB-4816-BC5B-60765F0372DE}.AppStore|iPhone.Build.0 = Release|Any CPU
		{C9A2D6CD-F8EB-4816-BC5B-60765F0372DE}.AppStore|iPhone.Deploy.0 = Release|Any CPU
		{C9A2D6CD-F8EB-4816-BC5B-60765F0372DE}.AppStore|iPhoneSimulator.ActiveCfg = Release|Any CPU
		{C9A2D6CD-F8EB-4816-BC5B-60765F0372DE}.AppStore|iPhoneSimulator.Build.0 = Release|Any CPU
		{C9A2D6CD-F8EB-4816-BC5B-60765F0372DE}.AppStore|iPhoneSimulator.Deploy.0 = Release|Any CPU
		{C9A2D6CD-F8EB-4816-BC5B-60765F0372DE}.Debug|Any CPU.ActiveCfg = Debug|Any CPU
		{C9A2D6CD-F8EB-4816-BC5B-60765F0372DE}.Debug|Any CPU.Build.0 = Debug|Any CPU
		{C9A2D6CD-F8EB-4816-BC5B-60765F0372DE}.Debug|Any CPU.Deploy.0 = Debug|Any CPU
		{C9A2D6CD-F8EB-4816-BC5B-60765F0372DE}.Debug|iPhone.ActiveCfg = Debug|Any CPU
		{C9A2D6CD-F8EB-4816-BC5B-60765F0372DE}.Debug|iPhone.Build.0 = Debug|Any CPU
		{C9A2D6CD-F8EB-4816-BC5B-60765F0372DE}.Debug|iPhone.Deploy.0 = Debug|Any CPU
		{C9A2D6CD-F8EB-4816-BC5B-60765F0372DE}.Debug|iPhoneSimulator.ActiveCfg = Debug|Any CPU
		{C9A2D6CD-F8EB-4816-BC5B-60765F0372DE}.Debug|iPhoneSimulator.Build.0 = Debug|Any CPU
		{C9A2D6CD-F8EB-4816-BC5B-60765F0372DE}.Debug|iPhoneSimulator.Deploy.0 = Debug|Any CPU
		{C9A2D6CD-F8EB-4816-BC5B-60765F0372DE}.Release|Any CPU.ActiveCfg = Release|Any CPU
		{C9A2D6CD-F8EB-4816-BC5B-60765F0372DE}.Release|Any CPU.Build.0 = Release|Any CPU
		{C9A2D6CD-F8EB-4816-BC5B-60765F0372DE}.Release|Any CPU.Deploy.0 = Release|Any CPU
		{C9A2D6CD-F8EB-4816-BC5B-60765F0372DE}.Release|iPhone.ActiveCfg = Release|Any CPU
		{C9A2D6CD-F8EB-4816-BC5B-60765F0372DE}.Release|iPhone.Build.0 = Release|Any CPU
		{C9A2D6CD-F8EB-4816-BC5B-60765F0372DE}.Release|iPhone.Deploy.0 = Release|Any CPU
		{C9A2D6CD-F8EB-4816-BC5B-60765F0372DE}.Release|iPhoneSimulator.ActiveCfg = Release|Any CPU
		{C9A2D6CD-F8EB-4816-BC5B-60765F0372DE}.Release|iPhoneSimulator.Build.0 = Release|Any CPU
		{C9A2D6CD-F8EB-4816-BC5B-60765F0372DE}.Release|iPhoneSimulator.Deploy.0 = Release|Any CPU
		{B16D67BF-00DA-4240-B980-044422188C4E}.Ad-Hoc|Any CPU.ActiveCfg = Ad-Hoc|iPhone
		{B16D67BF-00DA-4240-B980-044422188C4E}.Ad-Hoc|Any CPU.Build.0 = Ad-Hoc|iPhone
		{B16D67BF-00DA-4240-B980-044422188C4E}.Ad-Hoc|Any CPU.Deploy.0 = Ad-Hoc|iPhone
		{B16D67BF-00DA-4240-B980-044422188C4E}.Ad-Hoc|iPhone.ActiveCfg = Ad-Hoc|iPhone
		{B16D67BF-00DA-4240-B980-044422188C4E}.Ad-Hoc|iPhone.Build.0 = Ad-Hoc|iPhone
		{B16D67BF-00DA-4240-B980-044422188C4E}.Ad-Hoc|iPhone.Deploy.0 = Ad-Hoc|iPhone
		{B16D67BF-00DA-4240-B980-044422188C4E}.Ad-Hoc|iPhoneSimulator.ActiveCfg = Ad-Hoc|iPhoneSimulator
		{B16D67BF-00DA-4240-B980-044422188C4E}.Ad-Hoc|iPhoneSimulator.Build.0 = Ad-Hoc|iPhoneSimulator
		{B16D67BF-00DA-4240-B980-044422188C4E}.Ad-Hoc|iPhoneSimulator.Deploy.0 = Ad-Hoc|iPhoneSimulator
		{B16D67BF-00DA-4240-B980-044422188C4E}.AppStore|Any CPU.ActiveCfg = AppStore|iPhone
		{B16D67BF-00DA-4240-B980-044422188C4E}.AppStore|Any CPU.Build.0 = AppStore|iPhone
		{B16D67BF-00DA-4240-B980-044422188C4E}.AppStore|Any CPU.Deploy.0 = AppStore|iPhone
		{B16D67BF-00DA-4240-B980-044422188C4E}.AppStore|iPhone.ActiveCfg = AppStore|iPhone
		{B16D67BF-00DA-4240-B980-044422188C4E}.AppStore|iPhone.Build.0 = AppStore|iPhone
		{B16D67BF-00DA-4240-B980-044422188C4E}.AppStore|iPhone.Deploy.0 = AppStore|iPhone
		{B16D67BF-00DA-4240-B980-044422188C4E}.AppStore|iPhoneSimulator.ActiveCfg = AppStore|iPhoneSimulator
		{B16D67BF-00DA-4240-B980-044422188C4E}.AppStore|iPhoneSimulator.Build.0 = AppStore|iPhoneSimulator
		{B16D67BF-00DA-4240-B980-044422188C4E}.AppStore|iPhoneSimulator.Deploy.0 = AppStore|iPhoneSimulator
		{B16D67BF-00DA-4240-B980-044422188C4E}.Debug|Any CPU.ActiveCfg = Debug|iPhoneSimulator
		{B16D67BF-00DA-4240-B980-044422188C4E}.Debug|Any CPU.Build.0 = Debug|iPhoneSimulator
		{B16D67BF-00DA-4240-B980-044422188C4E}.Debug|Any CPU.Deploy.0 = Debug|iPhoneSimulator
		{B16D67BF-00DA-4240-B980-044422188C4E}.Debug|iPhone.ActiveCfg = Debug|iPhone
		{B16D67BF-00DA-4240-B980-044422188C4E}.Debug|iPhone.Build.0 = Debug|iPhone
		{B16D67BF-00DA-4240-B980-044422188C4E}.Debug|iPhone.Deploy.0 = Debug|iPhone
		{B16D67BF-00DA-4240-B980-044422188C4E}.Debug|iPhoneSimulator.ActiveCfg = Debug|iPhoneSimulator
		{B16D67BF-00DA-4240-B980-044422188C4E}.Debug|iPhoneSimulator.Build.0 = Debug|iPhoneSimulator
		{B16D67BF-00DA-4240-B980-044422188C4E}.Debug|iPhoneSimulator.Deploy.0 = Debug|iPhoneSimulator
		{B16D67BF-00DA-4240-B980-044422188C4E}.Release|Any CPU.ActiveCfg = Release|iPhone
		{B16D67BF-00DA-4240-B980-044422188C4E}.Release|Any CPU.Build.0 = Release|iPhone
		{B16D67BF-00DA-4240-B980-044422188C4E}.Release|Any CPU.Deploy.0 = Release|iPhone
		{B16D67BF-00DA-4240-B980-044422188C4E}.Release|iPhone.ActiveCfg = Release|iPhone
		{B16D67BF-00DA-4240-B980-044422188C4E}.Release|iPhone.Build.0 = Release|iPhone
		{B16D67BF-00DA-4240-B980-044422188C4E}.Release|iPhone.Deploy.0 = Release|iPhone
		{B16D67BF-00DA-4240-B980-044422188C4E}.Release|iPhoneSimulator.ActiveCfg = Release|iPhoneSimulator
		{B16D67BF-00DA-4240-B980-044422188C4E}.Release|iPhoneSimulator.Build.0 = Release|iPhoneSimulator
		{B16D67BF-00DA-4240-B980-044422188C4E}.Release|iPhoneSimulator.Deploy.0 = Release|iPhoneSimulator
		{6CA45658-ACFF-4E74-AA73-2620B1F9DD0B}.Ad-Hoc|Any CPU.ActiveCfg = Debug|Any CPU
		{6CA45658-ACFF-4E74-AA73-2620B1F9DD0B}.Ad-Hoc|Any CPU.Build.0 = Debug|Any CPU
		{6CA45658-ACFF-4E74-AA73-2620B1F9DD0B}.Ad-Hoc|Any CPU.Deploy.0 = Debug|Any CPU
		{6CA45658-ACFF-4E74-AA73-2620B1F9DD0B}.Ad-Hoc|iPhone.ActiveCfg = Debug|Any CPU
		{6CA45658-ACFF-4E74-AA73-2620B1F9DD0B}.Ad-Hoc|iPhone.Build.0 = Debug|Any CPU
		{6CA45658-ACFF-4E74-AA73-2620B1F9DD0B}.Ad-Hoc|iPhone.Deploy.0 = Debug|Any CPU
		{6CA45658-ACFF-4E74-AA73-2620B1F9DD0B}.Ad-Hoc|iPhoneSimulator.ActiveCfg = Debug|Any CPU
		{6CA45658-ACFF-4E74-AA73-2620B1F9DD0B}.Ad-Hoc|iPhoneSimulator.Build.0 = Debug|Any CPU
		{6CA45658-ACFF-4E74-AA73-2620B1F9DD0B}.Ad-Hoc|iPhoneSimulator.Deploy.0 = Debug|Any CPU
		{6CA45658-ACFF-4E74-AA73-2620B1F9DD0B}.AppStore|Any CPU.ActiveCfg = Debug|Any CPU
		{6CA45658-ACFF-4E74-AA73-2620B1F9DD0B}.AppStore|Any CPU.Build.0 = Debug|Any CPU
		{6CA45658-ACFF-4E74-AA73-2620B1F9DD0B}.AppStore|Any CPU.Deploy.0 = Debug|Any CPU
		{6CA45658-ACFF-4E74-AA73-2620B1F9DD0B}.AppStore|iPhone.ActiveCfg = Debug|Any CPU
		{6CA45658-ACFF-4E74-AA73-2620B1F9DD0B}.AppStore|iPhone.Build.0 = Debug|Any CPU
		{6CA45658-ACFF-4E74-AA73-2620B1F9DD0B}.AppStore|iPhone.Deploy.0 = Debug|Any CPU
		{6CA45658-ACFF-4E74-AA73-2620B1F9DD0B}.AppStore|iPhoneSimulator.ActiveCfg = Debug|Any CPU
		{6CA45658-ACFF-4E74-AA73-2620B1F9DD0B}.AppStore|iPhoneSimulator.Build.0 = Debug|Any CPU
		{6CA45658-ACFF-4E74-AA73-2620B1F9DD0B}.AppStore|iPhoneSimulator.Deploy.0 = Debug|Any CPU
		{6CA45658-ACFF-4E74-AA73-2620B1F9DD0B}.Debug|Any CPU.ActiveCfg = Debug|Any CPU
		{6CA45658-ACFF-4E74-AA73-2620B1F9DD0B}.Debug|Any CPU.Build.0 = Debug|Any CPU
		{6CA45658-ACFF-4E74-AA73-2620B1F9DD0B}.Debug|Any CPU.Deploy.0 = Debug|Any CPU
		{6CA45658-ACFF-4E74-AA73-2620B1F9DD0B}.Debug|iPhone.ActiveCfg = Debug|Any CPU
		{6CA45658-ACFF-4E74-AA73-2620B1F9DD0B}.Debug|iPhone.Build.0 = Debug|Any CPU
		{6CA45658-ACFF-4E74-AA73-2620B1F9DD0B}.Debug|iPhone.Deploy.0 = Debug|Any CPU
		{6CA45658-ACFF-4E74-AA73-2620B1F9DD0B}.Debug|iPhoneSimulator.ActiveCfg = Debug|Any CPU
		{6CA45658-ACFF-4E74-AA73-2620B1F9DD0B}.Debug|iPhoneSimulator.Build.0 = Debug|Any CPU
		{6CA45658-ACFF-4E74-AA73-2620B1F9DD0B}.Debug|iPhoneSimulator.Deploy.0 = Debug|Any CPU
		{6CA45658-ACFF-4E74-AA73-2620B1F9DD0B}.Release|Any CPU.ActiveCfg = Release|Any CPU
		{6CA45658-ACFF-4E74-AA73-2620B1F9DD0B}.Release|Any CPU.Build.0 = Release|Any CPU
		{6CA45658-ACFF-4E74-AA73-2620B1F9DD0B}.Release|Any CPU.Deploy.0 = Release|Any CPU
		{6CA45658-ACFF-4E74-AA73-2620B1F9DD0B}.Release|iPhone.ActiveCfg = Release|Any CPU
		{6CA45658-ACFF-4E74-AA73-2620B1F9DD0B}.Release|iPhone.Build.0 = Release|Any CPU
		{6CA45658-ACFF-4E74-AA73-2620B1F9DD0B}.Release|iPhone.Deploy.0 = Release|Any CPU
		{6CA45658-ACFF-4E74-AA73-2620B1F9DD0B}.Release|iPhoneSimulator.ActiveCfg = Release|Any CPU
		{6CA45658-ACFF-4E74-AA73-2620B1F9DD0B}.Release|iPhoneSimulator.Build.0 = Release|Any CPU
		{6CA45658-ACFF-4E74-AA73-2620B1F9DD0B}.Release|iPhoneSimulator.Deploy.0 = Release|Any CPU
	EndGlobalSection
	GlobalSection(SolutionProperties) = preSolution
		HideSolutionNode = FALSE
	EndGlobalSection
	GlobalSection(ExtensibilityGlobals) = postSolution
		SolutionGuid = {4AC1121D-0E39-4F83-A427-97D59C113925}
	EndGlobalSection
EndGlobal
